{
  "requires": true,
  "lockfileVersion": 1,
  "dependencies": {
    "ng4-loading-spinner": {
      "version": "1.2.3",
      "resolved": "https://registry.npmjs.org/ng4-loading-spinner/-/ng4-loading-spinner-1.2.3.tgz",
      "integrity": "sha512-AxokaWmIMSv4YeZcwzSCs0f1PBnn/lgOVpaXuR5PdnNqGkpDema6b2KwONLtdzmL5YqKOpQo8DoyTRhlzGoohQ=="
    }
  }
}
